// !$*UTF8*$!
{
	archiveVersion = 1;
	classes = {
	};
	objectVersion = 46;
	objects = {

/* Begin PBXBuildFile section */
		C8F969731D7B0CE60071C66A /* OrderTableViewCell.swift in Sources */ = {isa = PBXBuildFile; fileRef = C8F969721D7B0CE60071C66A /* OrderTableViewCell.swift */; };
		C8F969751D7B1A030071C66A /* ShippingViewController.swift in Sources */ = {isa = PBXBuildFile; fileRef = C8F969741D7B1A030071C66A /* ShippingViewController.swift */; };
		C8F969771D7B1A150071C66A /* ShippingDetailViewController.swift in Sources */ = {isa = PBXBuildFile; fileRef = C8F969761D7B1A150071C66A /* ShippingDetailViewController.swift */; };
		C8F969791D7B1A950071C66A /* CashReturnViewController.swift in Sources */ = {isa = PBXBuildFile; fileRef = C8F969781D7B1A950071C66A /* CashReturnViewController.swift */; };
		C8F9697B1D7B1AA30071C66A /* CashDetailViewController.swift in Sources */ = {isa = PBXBuildFile; fileRef = C8F9697A1D7B1AA30071C66A /* CashDetailViewController.swift */; };
		C8F9697D1D7B1B0D0071C66A /* ShippingTableViewCell.swift in Sources */ = {isa = PBXBuildFile; fileRef = C8F9697C1D7B1B0D0071C66A /* ShippingTableViewCell.swift */; };
		C8F9C7B91D771624004E1762 /* AppDelegate.swift in Sources */ = {isa = PBXBuildFile; fileRef = C8F9C7B81D771624004E1762 /* AppDelegate.swift */; };
		C8F9C7BB1D771624004E1762 /* OrderViewController.swift in Sources */ = {isa = PBXBuildFile; fileRef = C8F9C7BA1D771624004E1762 /* OrderViewController.swift */; };
		C8F9C7BD1D771624004E1762 /* PurchaseViewController.swift in Sources */ = {isa = PBXBuildFile; fileRef = C8F9C7BC1D771624004E1762 /* PurchaseViewController.swift */; };
		C8F9C7C01D771624004E1762 /* Main.storyboard in Resources */ = {isa = PBXBuildFile; fileRef = C8F9C7BE1D771624004E1762 /* Main.storyboard */; };
		C8F9C7C21D771624004E1762 /* Assets.xcassets in Resources */ = {isa = PBXBuildFile; fileRef = C8F9C7C11D771624004E1762 /* Assets.xcassets */; };
		C8F9C7C51D771624004E1762 /* LaunchScreen.storyboard in Resources */ = {isa = PBXBuildFile; fileRef = C8F9C7C31D771624004E1762 /* LaunchScreen.storyboard */; };
		C8F9C7D71D773D39004E1762 /* Orders.swift in Sources */ = {isa = PBXBuildFile; fileRef = C8F9C7D61D773D39004E1762 /* Orders.swift */; };
		C8F9C7D91D7751DF004E1762 /* Constants.swift in Sources */ = {isa = PBXBuildFile; fileRef = C8F9C7D81D7751DF004E1762 /* Constants.swift */; };
/* End PBXBuildFile section */

/* Begin PBXFileReference section */
		C8F969721D7B0CE60071C66A /* OrderTableViewCell.swift */ = {isa = PBXFileReference; fileEncoding = 4; lastKnownFileType = sourcecode.swift; path = OrderTableViewCell.swift; sourceTree = "<group>"; };
		C8F969741D7B1A030071C66A /* ShippingViewController.swift */ = {isa = PBXFileReference; fileEncoding = 4; lastKnownFileType = sourcecode.swift; path = ShippingViewController.swift; sourceTree = "<group>"; };
		C8F969761D7B1A150071C66A /* ShippingDetailViewController.swift */ = {isa = PBXFileReference; fileEncoding = 4; lastKnownFileType = sourcecode.swift; path = ShippingDetailViewController.swift; sourceTree = "<group>"; };
		C8F969781D7B1A950071C66A /* CashReturnViewController.swift */ = {isa = PBXFileReference; fileEncoding = 4; lastKnownFileType = sourcecode.swift; path = CashReturnViewController.swift; sourceTree = "<group>"; };
		C8F9697A1D7B1AA30071C66A /* CashDetailViewController.swift */ = {isa = PBXFileReference; fileEncoding = 4; lastKnownFileType = sourcecode.swift; path = CashDetailViewController.swift; sourceTree = "<group>"; };
		C8F9697C1D7B1B0D0071C66A /* ShippingTableViewCell.swift */ = {isa = PBXFileReference; fileEncoding = 4; lastKnownFileType = sourcecode.swift; path = ShippingTableViewCell.swift; sourceTree = "<group>"; };
		C8F9C7B51D771624004E1762 /* Fury.app */ = {isa = PBXFileReference; explicitFileType = wrapper.application; includeInIndex = 0; path = Fury.app; sourceTree = BUILT_PRODUCTS_DIR; };
		C8F9C7B81D771624004E1762 /* AppDelegate.swift */ = {isa = PBXFileReference; lastKnownFileType = sourcecode.swift; path = AppDelegate.swift; sourceTree = "<group>"; };
		C8F9C7BA1D771624004E1762 /* OrderViewController.swift */ = {isa = PBXFileReference; lastKnownFileType = sourcecode.swift; path = OrderViewController.swift; sourceTree = "<group>"; };
		C8F9C7BC1D771624004E1762 /* PurchaseViewController.swift */ = {isa = PBXFileReference; lastKnownFileType = sourcecode.swift; path = PurchaseViewController.swift; sourceTree = "<group>"; };
		C8F9C7BF1D771624004E1762 /* Base */ = {isa = PBXFileReference; lastKnownFileType = file.storyboard; name = Base; path = Base.lproj/Main.storyboard; sourceTree = "<group>"; };
		C8F9C7C11D771624004E1762 /* Assets.xcassets */ = {isa = PBXFileReference; lastKnownFileType = folder.assetcatalog; path = Assets.xcassets; sourceTree = "<group>"; };
		C8F9C7C41D771624004E1762 /* Base */ = {isa = PBXFileReference; lastKnownFileType = file.storyboard; name = Base; path = Base.lproj/LaunchScreen.storyboard; sourceTree = "<group>"; };
		C8F9C7C61D771624004E1762 /* Info.plist */ = {isa = PBXFileReference; lastKnownFileType = text.plist.xml; path = Info.plist; sourceTree = "<group>"; };
		C8F9C7D61D773D39004E1762 /* Orders.swift */ = {isa = PBXFileReference; fileEncoding = 4; lastKnownFileType = sourcecode.swift; path = Orders.swift; sourceTree = "<group>"; };
		C8F9C7D81D7751DF004E1762 /* Constants.swift */ = {isa = PBXFileReference; fileEncoding = 4; lastKnownFileType = sourcecode.swift; path = Constants.swift; sourceTree = "<group>"; };
/* End PBXFileReference section */

/* Begin PBXFrameworksBuildPhase section */
		C8F9C7B21D771624004E1762 /* Frameworks */ = {
			isa = PBXFrameworksBuildPhase;
			buildActionMask = 2147483647;
			files = (
			);
			runOnlyForDeploymentPostprocessing = 0;
		};
/* End PBXFrameworksBuildPhase section */

/* Begin PBXGroup section */
		C8F9C7AC1D771624004E1762 = {
			isa = PBXGroup;
			children = (
				C8F9C7B71D771624004E1762 /* Fury */,
				C8F9C7B61D771624004E1762 /* Products */,
			);
			sourceTree = "<group>";
		};
		C8F9C7B61D771624004E1762 /* Products */ = {
			isa = PBXGroup;
			children = (
				C8F9C7B51D771624004E1762 /* Fury.app */,
			);
			name = Products;
			sourceTree = "<group>";
		};
		C8F9C7B71D771624004E1762 /* Fury */ = {
			isa = PBXGroup;
			children = (
				C8F9C7D51D773D1C004E1762 /* Model */,
				C8F9C7B81D771624004E1762 /* AppDelegate.swift */,
				C8F9C7BA1D771624004E1762 /* OrderViewController.swift */,
				C8F9C7BC1D771624004E1762 /* PurchaseViewController.swift */,
				C8F9C7BE1D771624004E1762 /* Main.storyboard */,
				C8F9C7C11D771624004E1762 /* Assets.xcassets */,
				C8F9C7C31D771624004E1762 /* LaunchScreen.storyboard */,
				C8F9C7C61D771624004E1762 /* Info.plist */,
				C8F969721D7B0CE60071C66A /* OrderTableViewCell.swift */,
				C8F969741D7B1A030071C66A /* ShippingViewController.swift */,
				C8F969761D7B1A150071C66A /* ShippingDetailViewController.swift */,
				C8F969781D7B1A950071C66A /* CashReturnViewController.swift */,
				C8F9697A1D7B1AA30071C66A /* CashDetailViewController.swift */,
				C8F9697C1D7B1B0D0071C66A /* ShippingTableViewCell.swift */,
			);
			path = Fury;
			sourceTree = "<group>";
		};
		C8F9C7D51D773D1C004E1762 /* Model */ = {
			isa = PBXGroup;
			children = (
				C8F9C7D61D773D39004E1762 /* Orders.swift */,
				C8F9C7D81D7751DF004E1762 /* Constants.swift */,
			);
			name = Model;
			sourceTree = "<group>";
		};
/* End PBXGroup section */

/* Begin PBXNativeTarget section */
		C8F9C7B41D771624004E1762 /* Fury */ = {
			isa = PBXNativeTarget;
			buildConfigurationList = C8F9C7C91D771624004E1762 /* Build configuration list for PBXNativeTarget "Fury" */;
			buildPhases = (
				C8F9C7B11D771624004E1762 /* Sources */,
				C8F9C7B21D771624004E1762 /* Frameworks */,
				C8F9C7B31D771624004E1762 /* Resources */,
			);
			buildRules = (
			);
			dependencies = (
			);
			name = Fury;
			productName = Fury;
			productReference = C8F9C7B51D771624004E1762 /* Fury.app */;
			productType = "com.apple.product-type.application";
		};
/* End PBXNativeTarget section */

/* Begin PBXProject section */
		C8F9C7AD1D771624004E1762 /* Project object */ = {
			isa = PBXProject;
			attributes = {
				LastSwiftUpdateCheck = 0730;
				LastUpgradeCheck = 0730;
				ORGANIZATIONNAME = kstorevn;
				TargetAttributes = {
					C8F9C7B41D771624004E1762 = {
						CreatedOnToolsVersion = 7.3.1;
					};
				};
			};
			buildConfigurationList = C8F9C7B01D771624004E1762 /* Build configuration list for PBXProject "Fury" */;
			compatibilityVersion = "Xcode 3.2";
			developmentRegion = English;
			hasScannedForEncodings = 0;
			knownRegions = (
				en,
				Base,
			);
			mainGroup = C8F9C7AC1D771624004E1762;
			productRefGroup = C8F9C7B61D771624004E1762 /* Products */;
			projectDirPath = "";
			projectRoot = "";
			targets = (
				C8F9C7B41D771624004E1762 /* Fury */,
			);
		};
/* End PBXProject section */

/* Begin PBXResourcesBuildPhase section */
		C8F9C7B31D771624004E1762 /* Resources */ = {
			isa = PBXResourcesBuildPhase;
			buildActionMask = 2147483647;
			files = (
				C8F9C7C51D771624004E1762 /* LaunchScreen.storyboard in Resources */,
				C8F9C7C21D771624004E1762 /* Assets.xcassets in Resources */,
				C8F9C7C01D771624004E1762 /* Main.storyboard in Resources */,
			);
			runOnlyForDeploymentPostprocessing = 0;
		};
/* End PBXResourcesBuildPhase section */

/* Begin PBXSourcesBuildPhase section */
		C8F9C7B11D771624004E1762 /* Sources */ = {
			isa = PBXSourcesBuildPhase;
			buildActionMask = 2147483647;
			files = (
				C8F9697D1D7B1B0D0071C66A /* ShippingTableViewCell.swift in Sources */,
				C8F969731D7B0CE60071C66A /* OrderTableViewCell.swift in Sources */,
				C8F9C7D91D7751DF004E1762 /* Constants.swift in Sources */,
				C8F969751D7B1A030071C66A /* ShippingViewController.swift in Sources */,
				C8F9C7BD1D771624004E1762 /* PurchaseViewController.swift in Sources */,
				C8F9697B1D7B1AA30071C66A /* CashDetailViewController.swift in Sources */,
				C8F9C7D71D773D39004E1762 /* Orders.swift in Sources */,
				C8F969771D7B1A150071C66A /* ShippingDetailViewController.swift in Sources */,
				C8F9C7B91D771624004E1762 /* AppDelegate.swift in Sources */,
				C8F969791D7B1A950071C66A /* CashReturnViewController.swift in Sources */,
				C8F9C7BB1D771624004E1762 /* OrderViewController.swift in Sources */,
			);
			runOnlyForDeploymentPostprocessing = 0;
		};
/* End PBXSourcesBuildPhase section */

/* Begin PBXVariantGroup section */
		C8F9C7BE1D771624004E1762 /* Main.storyboard */ = {
			isa = PBXVariantGroup;
			children = (
				C8F9C7BF1D771624004E1762 /* Base */,
			);
			name = Main.storyboard;
			sourceTree = "<group>";
		};
		C8F9C7C31D771624004E1762 /* LaunchScreen.storyboard */ = {
			isa = PBXVariantGroup;
			children = (
				C8F9C7C41D771624004E1762 /* Base */,
			);
			name = LaunchScreen.storyboard;
			sourceTree = "<group>";
		};
/* End PBXVariantGroup section */

/* Begin XCBuildConfiguration section */
		C8F9C7C71D771624004E1762 /* Debug */ = {
			isa = XCBuildConfiguration;
			buildSettings = {
				ALWAYS_SEARCH_USER_PATHS = NO;
				CLANG_ANALYZER_NONNULL = YES;
				CLANG_CXX_LANGUAGE_STANDARD = "gnu++0x";
				CLANG_CXX_LIBRARY = "libc++";
				CLANG_ENABLE_MODULES = YES;
				CLANG_ENABLE_OBJC_ARC = YES;
				CLANG_WARN_BOOL_CONVERSION = YES;
				CLANG_WARN_CONSTANT_CONVERSION = YES;
				CLANG_WARN_DIRECT_OBJC_ISA_USAGE = YES_ERROR;
				CLANG_WARN_EMPTY_BODY = YES;
				CLANG_WARN_ENUM_CONVERSION = YES;
				CLANG_WARN_INT_CONVERSION = YES;
				CLANG_WARN_OBJC_ROOT_CLASS = YES_ERROR;
				CLANG_WARN_UNREACHABLE_CODE = YES;
				CLANG_WARN__DUPLICATE_METHOD_MATCH = YES;
				"CODE_SIGN_IDENTITY[sdk=iphoneos*]" = "iPhone Developer";
				COPY_PHASE_STRIP = NO;
				DEBUG_INFORMATION_FORMAT = dwarf;
				ENABLE_STRICT_OBJC_MSGSEND = YES;
				ENABLE_TESTABILITY = YES;
				GCC_C_LANGUAGE_STANDARD = gnu99;
				GCC_DYNAMIC_NO_PIC = NO;
				GCC_NO_COMMON_BLOCKS = YES;
				GCC_OPTIMIZATION_LEVEL = 0;
				GCC_PREPROCESSOR_DEFINITIONS = (
					"DEBUG=1",
					"$(inherited)",
				);
				GCC_WARN_64_TO_32_BIT_CONVERSION = YES;
				GCC_WARN_ABOUT_RETURN_TYPE = YES_ERROR;
				GCC_WARN_UNDECLARED_SELECTOR = YES;
				GCC_WARN_UNINITIALIZED_AUTOS = YES_AGGRESSIVE;
				GCC_WARN_UNUSED_FUNCTION = YES;
				GCC_WARN_UNUSED_VARIABLE = YES;
				IPHONEOS_DEPLOYMENT_TARGET = 9.3;
				MTL_ENABLE_DEBUG_INFO = YES;
				ONLY_ACTIVE_ARCH = YES;
				SDKROOT = iphoneos;
				SWIFT_OPTIMIZATION_LEVEL = "-Onone";
				TARGETED_DEVICE_FAMILY = "1,2";
			};
			name = Debug;
		};
		C8F9C7C81D771624004E1762 /* Release */ = {
			isa = XCBuildConfiguration;
			buildSettings = {
				ALWAYS_SEARCH_USER_PATHS = NO;
				CLANG_ANALYZER_NONNULL = YES;
				CLANG_CXX_LANGUAGE_STANDARD = "gnu++0x";
				CLANG_CXX_LIBRARY = "libc++";
				CLANG_ENABLE_MODULES = YES;
				CLANG_ENABLE_OBJC_ARC = YES;
				CLANG_WARN_BOOL_CONVERSION = YES;
				CLANG_WARN_CONSTANT_CONVERSION = YES;
				CLANG_WARN_DIRECT_OBJC_ISA_USAGE = YES_ERROR;
				CLANG_WARN_EMPTY_BODY = YES;
				CLANG_WARN_ENUM_CONVERSION = YES;
				CLANG_WARN_INT_CONVERSION = YES;
				CLANG_WARN_OBJC_ROOT_CLASS = YES_ERROR;
				CLANG_WARN_UNREACHABLE_CODE = YES;
				CLANG_WARN__DUPLICATE_METHOD_MATCH = YES;
				"CODE_SIGN_IDENTITY[sdk=iphoneos*]" = "iPhone Developer";
				COPY_PHASE_STRIP = NO;
				DEBUG_INFORMATION_FORMAT = "dwarf-with-dsym";
				ENABLE_NS_ASSERTIONS = NO;
				ENABLE_STRICT_OBJC_MSGSEND = YES;
				GCC_C_LANGUAGE_STANDARD = gnu99;
				GCC_NO_COMMON_BLOCKS = YES;
				GCC_WARN_64_TO_32_BIT_CONVERSION = YES;
				GCC_WARN_ABOUT_RETURN_TYPE = YES_ERROR;
				GCC_WARN_UNDECLARED_SELECTOR = YES;
				GCC_WARN_UNINITIALIZED_AUTOS = YES_AGGRESSIVE;
				GCC_WARN_UNUSED_FUNCTION = YES;
				GCC_WARN_UNUSED_VARIABLE = YES;
				IPHONEOS_DEPLOYMENT_TARGET = 9.3;
				MTL_ENABLE_DEBUG_INFO = NO;
				SDKROOT = iphoneos;
				TARGETED_DEVICE_FAMILY = "1,2";
				VALIDATE_PRODUCT = YES;
			};
			name = Release;
		};
		C8F9C7CA1D771624004E1762 /* Debug */ = {
			isa = XCBuildConfiguration;
			buildSettings = {
				ASSETCATALOG_COMPILER_APPICON_NAME = AppIcon;
				INFOPLIST_FILE = Fury/Info.plist;
				LD_RUNPATH_SEARCH_PATHS = "$(inherited) @executable_path/Frameworks";
				PRODUCT_BUNDLE_IDENTIFIER = kstorevn.com.Fury;
				PRODUCT_NAME = "$(TARGET_NAME)";
			};
			name = Debug;
		};
		C8F9C7CB1D771624004E1762 /* Release */ = {
			isa = XCBuildConfiguration;
			buildSettings = {
				ASSETCATALOG_COMPILER_APPICON_NAME = AppIcon;
				INFOPLIST_FILE = Fury/Info.plist;
				LD_RUNPATH_SEARCH_PATHS = "$(inherited) @executable_path/Frameworks";
				PRODUCT_BUNDLE_IDENTIFIER = kstorevn.com.Fury;
				PRODUCT_NAME = "$(TARGET_NAME)";
			};
			name = Release;
		};
/* End XCBuildConfiguration section */

/* Begin XCConfigurationList section */
		C8F9C7B01D771624004E1762 /* Build configuration list for PBXProject "Fury" */ = {
			isa = XCConfigurationList;
			buildConfigurations = (
				C8F9C7C71D771624004E1762 /* Debug */,
				C8F9C7C81D771624004E1762 /* Release */,
			);
			defaultConfigurationIsVisible = 0;
			defaultConfigurationName = Release;
		};
		C8F9C7C91D771624004E1762 /* Build configuration list for PBXNativeTarget "Fury" */ = {
			isa = XCConfigurationList;
			buildConfigurations = (
				C8F9C7CA1D771624004E1762 /* Debug */,
				C8F9C7CB1D771624004E1762 /* Release */,
			);
			defaultConfigurationIsVisible = 0;
			defaultConfigurationName = Release;
		};
/* End XCConfigurationList section */
	};
	rootObject = C8F9C7AD1D771624004E1762 /* Project object */;
}
